
Microsoft Visual Studio Solution File, Format Version 12.00
# Visual Studio Version 17
VisualStudioVersion = 17.11.35327.3
MinimumVisualStudioVersion = 10.0.40219.1
Project("{FAE04EC0-301F-11D3-BF4B-00C04F79EFBC}") = "Ex006", "Ex006.csproj", "{7FDF7A36-254C-4B95-8848-FF922C6CA5DA}"
EndProject
Global
	GlobalSection(SolutionConfigurationPlatforms) = preSolution
		Debug|Any CPU = Debug|Any CPU
		Release|Any CPU = Release|Any CPU
	EndGlobalSection
	GlobalSection(ProjectConfigurationPlatforms) = postSolution
		{7FDF7A36-254C-4B95-8848-FF922C6CA5DA}.Debug|Any CPU.ActiveCfg = Debug|Any CPU
		{7FDF7A36-254C-4B95-8848-FF922C6CA5DA}.Debug|Any CPU.Build.0 = Debug|Any CPU
		{7FDF7A36-254C-4B95-8848-FF922C6CA5DA}.Release|Any CPU.ActiveCfg = Release|Any CPU
		{7FDF7A36-254C-4B95-8848-FF922C6CA5DA}.Release|Any CPU.Build.0 = Release|Any CPU
	EndGlobalSection
	GlobalSection(SolutionProperties) = preSolution
		HideSolutionNode = FALSE
	EndGlobalSection
	GlobalSection(ExtensibilityGlobals) = postSolution
		SolutionGuid = {9C9A6976-2990-423E-819E-B2B220D2B00E}
	EndGlobalSection
EndGlobal
