
Microsoft Visual Studio Solution File, Format Version 12.00
# Visual Studio Version 17
VisualStudioVersion = 17.11.35327.3
MinimumVisualStudioVersion = 10.0.40219.1
Project("{FAE04EC0-301F-11D3-BF4B-00C04F79EFBC}") = "Teste_senha", "Teste_senha.csproj", "{D4EE45BC-D56A-4ADE-B7EA-3612243F97BC}"
EndProject
Global
	GlobalSection(SolutionConfigurationPlatforms) = preSolution
		Debug|Any CPU = Debug|Any CPU
		Release|Any CPU = Release|Any CPU
	EndGlobalSection
	GlobalSection(ProjectConfigurationPlatforms) = postSolution
		{D4EE45BC-D56A-4ADE-B7EA-3612243F97BC}.Debug|Any CPU.ActiveCfg = Debug|Any CPU
		{D4EE45BC-D56A-4ADE-B7EA-3612243F97BC}.Debug|Any CPU.Build.0 = Debug|Any CPU
		{D4EE45BC-D56A-4ADE-B7EA-3612243F97BC}.Release|Any CPU.ActiveCfg = Release|Any CPU
		{D4EE45BC-D56A-4ADE-B7EA-3612243F97BC}.Release|Any CPU.Build.0 = Release|Any CPU
	EndGlobalSection
	GlobalSection(SolutionProperties) = preSolution
		HideSolutionNode = FALSE
	EndGlobalSection
	GlobalSection(ExtensibilityGlobals) = postSolution
		SolutionGuid = {36904185-6ADD-402B-8B4D-B9E21DBBDC31}
	EndGlobalSection
EndGlobal
